// !$*UTF8*$!
{
	archiveVersion = 1;
	classes = {
	};
	objectVersion = 46;
	objects = {

/* Begin PBXContainerItemProxy section */
		738EAB5E1B394B9F007FF7FD /* PBXContainerItemProxy */ = {
			isa = PBXContainerItemProxy;
			containerPortal = 738EAB521B394B9F007FF7FD /* SocketRocket.xcodeproj */;
			proxyType = 2;
			remoteGlobalIDString = F6B2082D1450F597009315AF;
			remoteInfo = SocketRocket;
		};
		738EAB601B394B9F007FF7FD /* PBXContainerItemProxy */ = {
			isa = PBXContainerItemProxy;
			containerPortal = 738EAB521B394B9F007FF7FD /* SocketRocket.xcodeproj */;
			proxyType = 2;
			remoteGlobalIDString = F668C880153E91210044DBAC;
			remoteInfo = SocketRocketOSX;
		};
		738EAB621B394B9F007FF7FD /* PBXContainerItemProxy */ = {
			isa = PBXContainerItemProxy;
			containerPortal = 738EAB521B394B9F007FF7FD /* SocketRocket.xcodeproj */;
			proxyType = 2;
			remoteGlobalIDString = F6BDA802145900D200FE3253;
			remoteInfo = SRWebSocketTests;
		};
		738EAB641B394B9F007FF7FD /* PBXContainerItemProxy */ = {
			isa = PBXContainerItemProxy;
			containerPortal = 738EAB521B394B9F007FF7FD /* SocketRocket.xcodeproj */;
			proxyType = 2;
			remoteGlobalIDString = F62417E314D52F3C003CE997;
			remoteInfo = TestChat;
		};
/* End PBXContainerItemProxy section */

/* Begin PBXFileReference section */
		738EAB491B394B9E007FF7FD /* .DS_Store */ = {isa = PBXFileReference; lastKnownFileType = file; path = .DS_Store; sourceTree = "<group>"; };
		738EAB4A1B394B9F007FF7FD /* .gitignore */ = {isa = PBXFileReference; lastKnownFileType = text; path = .gitignore; sourceTree = "<group>"; };
		738EAB4B1B394B9F007FF7FD /* .gitmodules */ = {isa = PBXFileReference; lastKnownFileType = text; path = .gitmodules; sourceTree = "<group>"; };
		738EAB4C1B394B9F007FF7FD /* extern */ = {isa = PBXFileReference; lastKnownFileType = folder; path = extern; sourceTree = "<group>"; };
		738EAB4D1B394B9F007FF7FD /* LICENSE */ = {isa = PBXFileReference; lastKnownFileType = text; path = LICENSE; sourceTree = "<group>"; };
		738EAB4E1B394B9F007FF7FD /* Makefile */ = {isa = PBXFileReference; lastKnownFileType = sourcecode.make; path = Makefile; sourceTree = "<group>"; };
		738EAB4F1B394B9F007FF7FD /* README.rst */ = {isa = PBXFileReference; lastKnownFileType = text; path = README.rst; sourceTree = "<group>"; };
		738EAB501B394B9F007FF7FD /* SocketRocket */ = {isa = PBXFileReference; lastKnownFileType = folder; path = SocketRocket; sourceTree = "<group>"; };
		738EAB511B394B9F007FF7FD /* SocketRocket.podspec */ = {isa = PBXFileReference; lastKnownFileType = text; path = SocketRocket.podspec; sourceTree = "<group>"; };
		738EAB521B394B9F007FF7FD /* SocketRocket.xcodeproj */ = {isa = PBXFileReference; lastKnownFileType = "wrapper.pb-project"; path = SocketRocket.xcodeproj; sourceTree = "<group>"; };
		738EAB551B394B9F007FF7FD /* SocketRocketOSX */ = {isa = PBXFileReference; lastKnownFileType = folder; path = SocketRocketOSX; sourceTree = "<group>"; };
		738EAB561B394B9F007FF7FD /* SRWebSocketTests */ = {isa = PBXFileReference; lastKnownFileType = folder; path = SRWebSocketTests; sourceTree = "<group>"; };
		738EAB571B394B9F007FF7FD /* TestChat */ = {isa = PBXFileReference; lastKnownFileType = folder; path = TestChat; sourceTree = "<group>"; };
		738EAB581B394B9F007FF7FD /* TestChatServer */ = {isa = PBXFileReference; lastKnownFileType = folder; path = TestChatServer; sourceTree = "<group>"; };
		738EAB591B394B9F007FF7FD /* TestSupport */ = {isa = PBXFileReference; lastKnownFileType = folder; path = TestSupport; sourceTree = "<group>"; };
/* End PBXFileReference section */

/* Begin PBXGroup section */
		738EAB431B394B9E007FF7FD = {
			isa = PBXGroup;
			children = (
				738EAB491B394B9E007FF7FD /* .DS_Store */,
				738EAB4A1B394B9F007FF7FD /* .gitignore */,
				738EAB4B1B394B9F007FF7FD /* .gitmodules */,
				738EAB4C1B394B9F007FF7FD /* extern */,
				738EAB4D1B394B9F007FF7FD /* LICENSE */,
				738EAB4E1B394B9F007FF7FD /* Makefile */,
				738EAB4F1B394B9F007FF7FD /* README.rst */,
				738EAB501B394B9F007FF7FD /* SocketRocket */,
				738EAB511B394B9F007FF7FD /* SocketRocket.podspec */,
				738EAB521B394B9F007FF7FD /* SocketRocket.xcodeproj */,
				738EAB551B394B9F007FF7FD /* SocketRocketOSX */,
				738EAB561B394B9F007FF7FD /* SRWebSocketTests */,
				738EAB571B394B9F007FF7FD /* TestChat */,
				738EAB581B394B9F007FF7FD /* TestChatServer */,
				738EAB591B394B9F007FF7FD /* TestSupport */,
			);
			sourceTree = "<group>";
		};
		738EAB531B394B9F007FF7FD /* Products */ = {
			isa = PBXGroup;
			children = (
				738EAB5F1B394B9F007FF7FD /* libSocketRocket.a */,
				738EAB611B394B9F007FF7FD /* SocketRocket.framework */,
				738EAB631B394B9F007FF7FD /* SRWebSocketTests.octest */,
				738EAB651B394B9F007FF7FD /* TestChat.app */,
			);
			name = Products;
			sourceTree = "<group>";
		};
/* End PBXGroup section */

/* Begin PBXLegacyTarget section */
		738EAB481B394B9E007FF7FD /* SocketRocket-master */ = {
			isa = PBXLegacyTarget;
			buildArgumentsString = "$(ACTION)";
			buildConfigurationList = 738EAB661B394B9F007FF7FD /* Build configuration list for PBXLegacyTarget "SocketRocket-master" */;
			buildPhases = (
			);
			buildToolPath = /usr/bin/make;
			buildWorkingDirectory = "/Users/xuduo/projects/Huwai/ios/huwai/thirdparty/SocketRocket-master";
			dependencies = (
			);
			name = "SocketRocket-master";
			passBuildSettingsInEnvironment = 1;
			productName = "SocketRocket-master";
		};
/* End PBXLegacyTarget section */

/* Begin PBXProject section */
		738EAB441B394B9E007FF7FD /* Project object */ = {
			isa = PBXProject;
			attributes = {
			};
			buildConfigurationList = 738EAB471B394B9E007FF7FD /* Build configuration list for PBXProject "SocketRocket-master" */;
			compatibilityVersion = "Xcode 3.2";
			developmentRegion = English;
			hasScannedForEncodings = 0;
			knownRegions = (
				en,
			);
			mainGroup = 738EAB431B394B9E007FF7FD;
			projectDirPath = "";
			projectReferences = (
				{
					ProductGroup = 738EAB531B394B9F007FF7FD /* Products */;
					ProjectRef = 738EAB521B394B9F007FF7FD /* SocketRocket.xcodeproj */;
				},
			);
			projectRoot = "";
			targets = (
				738EAB481B394B9E007FF7FD /* SocketRocket-master */,
			);
		};
/* End PBXProject section */

/* Begin PBXReferenceProxy section */
		738EAB5F1B394B9F007FF7FD /* libSocketRocket.a */ = {
			isa = PBXReferenceProxy;
			fileType = archive.ar;
			path = libSocketRocket.a;
			remoteRef = 738EAB5E1B394B9F007FF7FD /* PBXContainerItemProxy */;
			sourceTree = BUILT_PRODUCTS_DIR;
		};
		738EAB611B394B9F007FF7FD /* SocketRocket.framework */ = {
			isa = PBXReferenceProxy;
			fileType = wrapper.framework;
			path = SocketRocket.framework;
			remoteRef = 738EAB601B394B9F007FF7FD /* PBXContainerItemProxy */;
			sourceTree = BUILT_PRODUCTS_DIR;
		};
		738EAB631B394B9F007FF7FD /* SRWebSocketTests.octest */ = {
			isa = PBXReferenceProxy;
			fileType = wrapper.cfbundle;
			path = SRWebSocketTests.octest;
			remoteRef = 738EAB621B394B9F007FF7FD /* PBXContainerItemProxy */;
			sourceTree = BUILT_PRODUCTS_DIR;
		};
		738EAB651B394B9F007FF7FD /* TestChat.app */ = {
			isa = PBXReferenceProxy;
			fileType = wrapper.application;
			path = TestChat.app;
			remoteRef = 738EAB641B394B9F007FF7FD /* PBXContainerItemProxy */;
			sourceTree = BUILT_PRODUCTS_DIR;
		};
/* End PBXReferenceProxy section */

/* Begin XCBuildConfiguration section */
		738EAB451B394B9E007FF7FD /* Debug */ = {
			isa = XCBuildConfiguration;
			buildSettings = {
				ARCHS = "$(ARCHS_STANDARD_32_BIT)";
				COPY_PHASE_STRIP = NO;
				GCC_WARN_ABOUT_RETURN_TYPE = YES;
				GCC_WARN_UNUSED_VARIABLE = YES;
				ONLY_ACTIVE_ARCH = YES;
				SDKROOT = macosx10.6;
			};
			name = Debug;
		};
		738EAB461B394B9E007FF7FD /* Release */ = {
			isa = XCBuildConfiguration;
			buildSettings = {
				ARCHS = "$(ARCHS_STANDARD_32_BIT)";
				COPY_PHASE_STRIP = YES;
				GCC_WARN_ABOUT_RETURN_TYPE = YES;
				GCC_WARN_UNUSED_VARIABLE = YES;
				SDKROOT = macosx10.6;
			};
			name = Release;
		};
		738EAB671B394B9F007FF7FD /* Debug */ = {
			isa = XCBuildConfiguration;
			buildSettings = {
				COPY_PHASE_STRIP = NO;
				DEBUGGING_SYMBOLS = YES;
				GCC_DYNAMIC_NO_PIC = NO;
				GCC_ENABLE_FIX_AND_CONTINUE = YES;
				GCC_GENERATE_DEBUGGING_SYMBOLS = YES;
				GCC_OPTIMIZATION_LEVEL = 0;
				OTHER_CFLAGS = "";
				OTHER_LDFLAGS = "";
				PRODUCT_NAME = "SocketRocket-master";
			};
			name = Debug;
		};
		738EAB681B394B9F007FF7FD /* Release */ = {
			isa = XCBuildConfiguration;
			buildSettings = {
				COPY_PHASE_STRIP = YES;
				DEBUG_INFORMATION_FORMAT = "dwarf-with-dsym";
				GCC_ENABLE_FIX_AND_CONTINUE = NO;
				OTHER_CFLAGS = "";
				OTHER_LDFLAGS = "";
				PRODUCT_NAME = "SocketRocket-master";
			};
			name = Release;
		};
/* End XCBuildConfiguration section */

/* Begin XCConfigurationList section */
		738EAB471B394B9E007FF7FD /* Build configuration list for PBXProject "SocketRocket-master" */ = {
			isa = XCConfigurationList;
			buildConfigurations = (
				738EAB451B394B9E007FF7FD /* Debug */,
				738EAB461B394B9E007FF7FD /* Release */,
			);
			defaultConfigurationIsVisible = 0;
			defaultConfigurationName = Release;
		};
		738EAB661B394B9F007FF7FD /* Build configuration list for PBXLegacyTarget "SocketRocket-master" */ = {
			isa = XCConfigurationList;
			buildConfigurations = (
				738EAB671B394B9F007FF7FD /* Debug */,
				738EAB681B394B9F007FF7FD /* Release */,
			);
			defaultConfigurationIsVisible = 0;
			defaultConfigurationName = Release;
		};
/* End XCConfigurationList section */
	};
	rootObject = 738EAB441B394B9E007FF7FD /* Project object */;
}
