// !$*UTF8*$!
{
	archiveVersion = 1;
	classes = {
	};
	objectVersion = 46;
	objects = {

/* Begin PBXBuildFile section */
		739178F01A3976F800C5C778 /* AppDelegate.swift in Sources */ = {isa = PBXBuildFile; fileRef = 739178EF1A3976F800C5C778 /* AppDelegate.swift */; };
		739178F21A3976F800C5C778 /* ViewController.swift in Sources */ = {isa = PBXBuildFile; fileRef = 739178F11A3976F800C5C778 /* ViewController.swift */; };
		739178F51A3976F800C5C778 /* Main.storyboard in Resources */ = {isa = PBXBuildFile; fileRef = 739178F31A3976F800C5C778 /* Main.storyboard */; };
		739178F71A3976F800C5C778 /* Images.xcassets in Resources */ = {isa = PBXBuildFile; fileRef = 739178F61A3976F800C5C778 /* Images.xcassets */; };
		739178FA1A3976F800C5C778 /* LaunchScreen.xib in Resources */ = {isa = PBXBuildFile; fileRef = 739178F81A3976F800C5C778 /* LaunchScreen.xib */; };
		739179061A3976F800C5C778 /* demo_iosTests.swift in Sources */ = {isa = PBXBuildFile; fileRef = 739179051A3976F800C5C778 /* demo_iosTests.swift */; };
		739179321A39884600C5C778 /* Message.swift in Sources */ = {isa = PBXBuildFile; fileRef = 739179311A39884600C5C778 /* Message.swift */; };
		739179341A398B6D00C5C778 /* StringReader.swift in Sources */ = {isa = PBXBuildFile; fileRef = 739179331A398B6D00C5C778 /* StringReader.swift */; };
		739179361A399FE900C5C778 /* WebSocket.swift in Sources */ = {isa = PBXBuildFile; fileRef = 739179351A399FE900C5C778 /* WebSocket.swift */; };
		739179381A39A7E500C5C778 /* SwiftyJson.swift in Sources */ = {isa = PBXBuildFile; fileRef = 739179371A39A7E500C5C778 /* SwiftyJson.swift */; };
		7391793A1A39A80700C5C778 /* StompClient.swift in Sources */ = {isa = PBXBuildFile; fileRef = 739179391A39A80700C5C778 /* StompClient.swift */; };
		7391793E1A39AE6D00C5C778 /* User.swift in Sources */ = {isa = PBXBuildFile; fileRef = 7391793D1A39AE6D00C5C778 /* User.swift */; };
/* End PBXBuildFile section */

/* Begin PBXContainerItemProxy section */
		739179001A3976F800C5C778 /* PBXContainerItemProxy */ = {
			isa = PBXContainerItemProxy;
			containerPortal = 739178E21A3976F700C5C778 /* Project object */;
			proxyType = 1;
			remoteGlobalIDString = 739178E91A3976F700C5C778;
			remoteInfo = "demo-ios";
		};
/* End PBXContainerItemProxy section */

/* Begin PBXFileReference section */
		739178EA1A3976F700C5C778 /* demo-ios.app */ = {isa = PBXFileReference; explicitFileType = wrapper.application; includeInIndex = 0; path = "demo-ios.app"; sourceTree = BUILT_PRODUCTS_DIR; };
		739178EE1A3976F800C5C778 /* Info.plist */ = {isa = PBXFileReference; lastKnownFileType = text.plist.xml; path = Info.plist; sourceTree = "<group>"; };
		739178EF1A3976F800C5C778 /* AppDelegate.swift */ = {isa = PBXFileReference; lastKnownFileType = sourcecode.swift; path = AppDelegate.swift; sourceTree = "<group>"; };
		739178F11A3976F800C5C778 /* ViewController.swift */ = {isa = PBXFileReference; lastKnownFileType = sourcecode.swift; path = ViewController.swift; sourceTree = "<group>"; };
		739178F41A3976F800C5C778 /* Base */ = {isa = PBXFileReference; lastKnownFileType = file.storyboard; name = Base; path = Base.lproj/Main.storyboard; sourceTree = "<group>"; };
		739178F61A3976F800C5C778 /* Images.xcassets */ = {isa = PBXFileReference; lastKnownFileType = folder.assetcatalog; path = Images.xcassets; sourceTree = "<group>"; };
		739178F91A3976F800C5C778 /* Base */ = {isa = PBXFileReference; lastKnownFileType = file.xib; name = Base; path = Base.lproj/LaunchScreen.xib; sourceTree = "<group>"; };
		739178FF1A3976F800C5C778 /* demo-iosTests.xctest */ = {isa = PBXFileReference; explicitFileType = wrapper.cfbundle; includeInIndex = 0; path = "demo-iosTests.xctest"; sourceTree = BUILT_PRODUCTS_DIR; };
		739179041A3976F800C5C778 /* Info.plist */ = {isa = PBXFileReference; lastKnownFileType = text.plist.xml; path = Info.plist; sourceTree = "<group>"; };
		739179051A3976F800C5C778 /* demo_iosTests.swift */ = {isa = PBXFileReference; lastKnownFileType = sourcecode.swift; path = demo_iosTests.swift; sourceTree = "<group>"; };
		739179251A397D8B00C5C778 /* libicucore.dylib */ = {isa = PBXFileReference; lastKnownFileType = "compiled.mach-o.dylib"; name = libicucore.dylib; path = usr/lib/libicucore.dylib; sourceTree = SDKROOT; };
		739179271A397D9200C5C778 /* CFNetwork.framework */ = {isa = PBXFileReference; lastKnownFileType = wrapper.framework; name = CFNetwork.framework; path = System/Library/Frameworks/CFNetwork.framework; sourceTree = SDKROOT; };
		739179291A397D9800C5C778 /* Security.framework */ = {isa = PBXFileReference; lastKnownFileType = wrapper.framework; name = Security.framework; path = System/Library/Frameworks/Security.framework; sourceTree = SDKROOT; };
		7391792B1A397DA000C5C778 /* Foundation.framework */ = {isa = PBXFileReference; lastKnownFileType = wrapper.framework; name = Foundation.framework; path = System/Library/Frameworks/Foundation.framework; sourceTree = SDKROOT; };
		739179311A39884600C5C778 /* Message.swift */ = {isa = PBXFileReference; fileEncoding = 4; lastKnownFileType = sourcecode.swift; path = Message.swift; sourceTree = "<group>"; };
		739179331A398B6D00C5C778 /* StringReader.swift */ = {isa = PBXFileReference; fileEncoding = 4; lastKnownFileType = sourcecode.swift; path = StringReader.swift; sourceTree = "<group>"; };
		739179351A399FE900C5C778 /* WebSocket.swift */ = {isa = PBXFileReference; fileEncoding = 4; lastKnownFileType = sourcecode.swift; path = WebSocket.swift; sourceTree = "<group>"; };
		739179371A39A7E500C5C778 /* SwiftyJson.swift */ = {isa = PBXFileReference; fileEncoding = 4; lastKnownFileType = sourcecode.swift; path = SwiftyJson.swift; sourceTree = "<group>"; };
		739179391A39A80700C5C778 /* StompClient.swift */ = {isa = PBXFileReference; fileEncoding = 4; lastKnownFileType = sourcecode.swift; path = StompClient.swift; sourceTree = "<group>"; };
		7391793C1A39AA3700C5C778 /* demo-ios-Bridging-Header.h */ = {isa = PBXFileReference; lastKnownFileType = sourcecode.c.h; path = "demo-ios-Bridging-Header.h"; sourceTree = "<group>"; };
		7391793D1A39AE6D00C5C778 /* User.swift */ = {isa = PBXFileReference; fileEncoding = 4; lastKnownFileType = sourcecode.swift; path = User.swift; sourceTree = "<group>"; };
/* End PBXFileReference section */

/* Begin PBXFrameworksBuildPhase section */
		739178E71A3976F700C5C778 /* Frameworks */ = {
			isa = PBXFrameworksBuildPhase;
			buildActionMask = 2147483647;
			files = (
			);
			runOnlyForDeploymentPostprocessing = 0;
		};
		739178FC1A3976F800C5C778 /* Frameworks */ = {
			isa = PBXFrameworksBuildPhase;
			buildActionMask = 2147483647;
			files = (
			);
			runOnlyForDeploymentPostprocessing = 0;
		};
/* End PBXFrameworksBuildPhase section */

/* Begin PBXGroup section */
		739178E11A3976F700C5C778 = {
			isa = PBXGroup;
			children = (
				739179351A399FE900C5C778 /* WebSocket.swift */,
				7391792B1A397DA000C5C778 /* Foundation.framework */,
				739179291A397D9800C5C778 /* Security.framework */,
				739179271A397D9200C5C778 /* CFNetwork.framework */,
				739179251A397D8B00C5C778 /* libicucore.dylib */,
				739178EC1A3976F700C5C778 /* demo-ios */,
				739179021A3976F800C5C778 /* demo-iosTests */,
				739178EB1A3976F700C5C778 /* Products */,
			);
			sourceTree = "<group>";
		};
		739178EB1A3976F700C5C778 /* Products */ = {
			isa = PBXGroup;
			children = (
				739178EA1A3976F700C5C778 /* demo-ios.app */,
				739178FF1A3976F800C5C778 /* demo-iosTests.xctest */,
			);
			name = Products;
			sourceTree = "<group>";
		};
		739178EC1A3976F700C5C778 /* demo-ios */ = {
			isa = PBXGroup;
			children = (
				7391793C1A39AA3700C5C778 /* demo-ios-Bridging-Header.h */,
				739178EF1A3976F800C5C778 /* AppDelegate.swift */,
				739178F11A3976F800C5C778 /* ViewController.swift */,
				739178F31A3976F800C5C778 /* Main.storyboard */,
				739178F61A3976F800C5C778 /* Images.xcassets */,
				739178F81A3976F800C5C778 /* LaunchScreen.xib */,
				739178ED1A3976F800C5C778 /* Supporting Files */,
				739179311A39884600C5C778 /* Message.swift */,
				739179331A398B6D00C5C778 /* StringReader.swift */,
				739179371A39A7E500C5C778 /* SwiftyJson.swift */,
				739179391A39A80700C5C778 /* StompClient.swift */,
				7391793D1A39AE6D00C5C778 /* User.swift */,
			);
			path = "demo-ios";
			sourceTree = "<group>";
		};
		739178ED1A3976F800C5C778 /* Supporting Files */ = {
			isa = PBXGroup;
			children = (
				739178EE1A3976F800C5C778 /* Info.plist */,
			);
			name = "Supporting Files";
			sourceTree = "<group>";
		};
		739179021A3976F800C5C778 /* demo-iosTests */ = {
			isa = PBXGroup;
			children = (
				739179051A3976F800C5C778 /* demo_iosTests.swift */,
				739179031A3976F800C5C778 /* Supporting Files */,
			);
			path = "demo-iosTests";
			sourceTree = "<group>";
		};
		739179031A3976F800C5C778 /* Supporting Files */ = {
			isa = PBXGroup;
			children = (
				739179041A3976F800C5C778 /* Info.plist */,
			);
			name = "Supporting Files";
			sourceTree = "<group>";
		};
/* End PBXGroup section */

/* Begin PBXNativeTarget section */
		739178E91A3976F700C5C778 /* demo-ios */ = {
			isa = PBXNativeTarget;
			buildConfigurationList = 739179091A3976F800C5C778 /* Build configuration list for PBXNativeTarget "demo-ios" */;
			buildPhases = (
				739178E61A3976F700C5C778 /* Sources */,
				739178E71A3976F700C5C778 /* Frameworks */,
				739178E81A3976F700C5C778 /* Resources */,
			);
			buildRules = (
			);
			dependencies = (
			);
			name = "demo-ios";
			productName = "demo-ios";
			productReference = 739178EA1A3976F700C5C778 /* demo-ios.app */;
			productType = "com.apple.product-type.application";
		};
		739178FE1A3976F800C5C778 /* demo-iosTests */ = {
			isa = PBXNativeTarget;
			buildConfigurationList = 7391790C1A3976F800C5C778 /* Build configuration list for PBXNativeTarget "demo-iosTests" */;
			buildPhases = (
				739178FB1A3976F800C5C778 /* Sources */,
				739178FC1A3976F800C5C778 /* Frameworks */,
				739178FD1A3976F800C5C778 /* Resources */,
			);
			buildRules = (
			);
			dependencies = (
				739179011A3976F800C5C778 /* PBXTargetDependency */,
			);
			name = "demo-iosTests";
			productName = "demo-iosTests";
			productReference = 739178FF1A3976F800C5C778 /* demo-iosTests.xctest */;
			productType = "com.apple.product-type.bundle.unit-test";
		};
/* End PBXNativeTarget section */

/* Begin PBXProject section */
		739178E21A3976F700C5C778 /* Project object */ = {
			isa = PBXProject;
			attributes = {
				LastUpgradeCheck = 0610;
				ORGANIZATIONNAME = yy;
				TargetAttributes = {
					739178E91A3976F700C5C778 = {
						CreatedOnToolsVersion = 6.1.1;
					};
					739178FE1A3976F800C5C778 = {
						CreatedOnToolsVersion = 6.1.1;
						TestTargetID = 739178E91A3976F700C5C778;
					};
				};
			};
			buildConfigurationList = 739178E51A3976F700C5C778 /* Build configuration list for PBXProject "demo-ios" */;
			compatibilityVersion = "Xcode 3.2";
			developmentRegion = English;
			hasScannedForEncodings = 0;
			knownRegions = (
				en,
				Base,
			);
			mainGroup = 739178E11A3976F700C5C778;
			productRefGroup = 739178EB1A3976F700C5C778 /* Products */;
			projectDirPath = "";
			projectRoot = "";
			targets = (
				739178E91A3976F700C5C778 /* demo-ios */,
				739178FE1A3976F800C5C778 /* demo-iosTests */,
			);
		};
/* End PBXProject section */

/* Begin PBXResourcesBuildPhase section */
		739178E81A3976F700C5C778 /* Resources */ = {
			isa = PBXResourcesBuildPhase;
			buildActionMask = 2147483647;
			files = (
				739178F51A3976F800C5C778 /* Main.storyboard in Resources */,
				739178FA1A3976F800C5C778 /* LaunchScreen.xib in Resources */,
				739178F71A3976F800C5C778 /* Images.xcassets in Resources */,
			);
			runOnlyForDeploymentPostprocessing = 0;
		};
		739178FD1A3976F800C5C778 /* Resources */ = {
			isa = PBXResourcesBuildPhase;
			buildActionMask = 2147483647;
			files = (
			);
			runOnlyForDeploymentPostprocessing = 0;
		};
/* End PBXResourcesBuildPhase section */

/* Begin PBXSourcesBuildPhase section */
		739178E61A3976F700C5C778 /* Sources */ = {
			isa = PBXSourcesBuildPhase;
			buildActionMask = 2147483647;
			files = (
				739179361A399FE900C5C778 /* WebSocket.swift in Sources */,
				739178F21A3976F800C5C778 /* ViewController.swift in Sources */,
				739179321A39884600C5C778 /* Message.swift in Sources */,
				739179341A398B6D00C5C778 /* StringReader.swift in Sources */,
				7391793E1A39AE6D00C5C778 /* User.swift in Sources */,
				739178F01A3976F800C5C778 /* AppDelegate.swift in Sources */,
				7391793A1A39A80700C5C778 /* StompClient.swift in Sources */,
				739179381A39A7E500C5C778 /* SwiftyJson.swift in Sources */,
			);
			runOnlyForDeploymentPostprocessing = 0;
		};
		739178FB1A3976F800C5C778 /* Sources */ = {
			isa = PBXSourcesBuildPhase;
			buildActionMask = 2147483647;
			files = (
				739179061A3976F800C5C778 /* demo_iosTests.swift in Sources */,
			);
			runOnlyForDeploymentPostprocessing = 0;
		};
/* End PBXSourcesBuildPhase section */

/* Begin PBXTargetDependency section */
		739179011A3976F800C5C778 /* PBXTargetDependency */ = {
			isa = PBXTargetDependency;
			target = 739178E91A3976F700C5C778 /* demo-ios */;
			targetProxy = 739179001A3976F800C5C778 /* PBXContainerItemProxy */;
		};
/* End PBXTargetDependency section */

/* Begin PBXVariantGroup section */
		739178F31A3976F800C5C778 /* Main.storyboard */ = {
			isa = PBXVariantGroup;
			children = (
				739178F41A3976F800C5C778 /* Base */,
			);
			name = Main.storyboard;
			sourceTree = "<group>";
		};
		739178F81A3976F800C5C778 /* LaunchScreen.xib */ = {
			isa = PBXVariantGroup;
			children = (
				739178F91A3976F800C5C778 /* Base */,
			);
			name = LaunchScreen.xib;
			sourceTree = "<group>";
		};
/* End PBXVariantGroup section */

/* Begin XCBuildConfiguration section */
		739179071A3976F800C5C778 /* Debug */ = {
			isa = XCBuildConfiguration;
			buildSettings = {
				ALWAYS_SEARCH_USER_PATHS = NO;
				CLANG_CXX_LANGUAGE_STANDARD = "gnu++0x";
				CLANG_CXX_LIBRARY = "libc++";
				CLANG_ENABLE_MODULES = YES;
				CLANG_ENABLE_OBJC_ARC = YES;
				CLANG_WARN_BOOL_CONVERSION = YES;
				CLANG_WARN_CONSTANT_CONVERSION = YES;
				CLANG_WARN_DIRECT_OBJC_ISA_USAGE = YES_ERROR;
				CLANG_WARN_EMPTY_BODY = YES;
				CLANG_WARN_ENUM_CONVERSION = YES;
				CLANG_WARN_INT_CONVERSION = YES;
				CLANG_WARN_OBJC_ROOT_CLASS = YES_ERROR;
				CLANG_WARN_UNREACHABLE_CODE = YES;
				CLANG_WARN__DUPLICATE_METHOD_MATCH = YES;
				"CODE_SIGN_IDENTITY[sdk=iphoneos*]" = "iPhone Developer";
				COPY_PHASE_STRIP = NO;
				ENABLE_STRICT_OBJC_MSGSEND = YES;
				GCC_C_LANGUAGE_STANDARD = gnu99;
				GCC_DYNAMIC_NO_PIC = NO;
				GCC_OPTIMIZATION_LEVEL = 0;
				GCC_PREPROCESSOR_DEFINITIONS = (
					"DEBUG=1",
					"$(inherited)",
				);
				GCC_SYMBOLS_PRIVATE_EXTERN = NO;
				GCC_WARN_64_TO_32_BIT_CONVERSION = YES;
				GCC_WARN_ABOUT_RETURN_TYPE = YES_ERROR;
				GCC_WARN_UNDECLARED_SELECTOR = YES;
				GCC_WARN_UNINITIALIZED_AUTOS = YES_AGGRESSIVE;
				GCC_WARN_UNUSED_FUNCTION = YES;
				GCC_WARN_UNUSED_VARIABLE = YES;
				IPHONEOS_DEPLOYMENT_TARGET = 8.1;
				MTL_ENABLE_DEBUG_INFO = YES;
				ONLY_ACTIVE_ARCH = YES;
				SDKROOT = iphoneos;
				SWIFT_OPTIMIZATION_LEVEL = "-Onone";
				TARGETED_DEVICE_FAMILY = "1,2";
			};
			name = Debug;
		};
		739179081A3976F800C5C778 /* Release */ = {
			isa = XCBuildConfiguration;
			buildSettings = {
				ALWAYS_SEARCH_USER_PATHS = NO;
				CLANG_CXX_LANGUAGE_STANDARD = "gnu++0x";
				CLANG_CXX_LIBRARY = "libc++";
				CLANG_ENABLE_MODULES = YES;
				CLANG_ENABLE_OBJC_ARC = YES;
				CLANG_WARN_BOOL_CONVERSION = YES;
				CLANG_WARN_CONSTANT_CONVERSION = YES;
				CLANG_WARN_DIRECT_OBJC_ISA_USAGE = YES_ERROR;
				CLANG_WARN_EMPTY_BODY = YES;
				CLANG_WARN_ENUM_CONVERSION = YES;
				CLANG_WARN_INT_CONVERSION = YES;
				CLANG_WARN_OBJC_ROOT_CLASS = YES_ERROR;
				CLANG_WARN_UNREACHABLE_CODE = YES;
				CLANG_WARN__DUPLICATE_METHOD_MATCH = YES;
				"CODE_SIGN_IDENTITY[sdk=iphoneos*]" = "iPhone Developer";
				COPY_PHASE_STRIP = YES;
				ENABLE_NS_ASSERTIONS = NO;
				ENABLE_STRICT_OBJC_MSGSEND = YES;
				GCC_C_LANGUAGE_STANDARD = gnu99;
				GCC_WARN_64_TO_32_BIT_CONVERSION = YES;
				GCC_WARN_ABOUT_RETURN_TYPE = YES_ERROR;
				GCC_WARN_UNDECLARED_SELECTOR = YES;
				GCC_WARN_UNINITIALIZED_AUTOS = YES_AGGRESSIVE;
				GCC_WARN_UNUSED_FUNCTION = YES;
				GCC_WARN_UNUSED_VARIABLE = YES;
				IPHONEOS_DEPLOYMENT_TARGET = 8.1;
				MTL_ENABLE_DEBUG_INFO = NO;
				SDKROOT = iphoneos;
				TARGETED_DEVICE_FAMILY = "1,2";
				VALIDATE_PRODUCT = YES;
			};
			name = Release;
		};
		7391790A1A3976F800C5C778 /* Debug */ = {
			isa = XCBuildConfiguration;
			buildSettings = {
				ASSETCATALOG_COMPILER_APPICON_NAME = AppIcon;
				CLANG_ENABLE_MODULES = YES;
				INFOPLIST_FILE = "demo-ios/Info.plist";
				LD_RUNPATH_SEARCH_PATHS = "$(inherited) @executable_path/Frameworks";
				PRODUCT_NAME = "$(TARGET_NAME)";
				SWIFT_OBJC_BRIDGING_HEADER = "demo-ios/demo-ios-Bridging-Header.h";
				SWIFT_OPTIMIZATION_LEVEL = "-Onone";
			};
			name = Debug;
		};
		7391790B1A3976F800C5C778 /* Release */ = {
			isa = XCBuildConfiguration;
			buildSettings = {
				ASSETCATALOG_COMPILER_APPICON_NAME = AppIcon;
				CLANG_ENABLE_MODULES = YES;
				INFOPLIST_FILE = "demo-ios/Info.plist";
				LD_RUNPATH_SEARCH_PATHS = "$(inherited) @executable_path/Frameworks";
				PRODUCT_NAME = "$(TARGET_NAME)";
				SWIFT_OBJC_BRIDGING_HEADER = "demo-ios/demo-ios-Bridging-Header.h";
			};
			name = Release;
		};
		7391790D1A3976F800C5C778 /* Debug */ = {
			isa = XCBuildConfiguration;
			buildSettings = {
				BUNDLE_LOADER = "$(TEST_HOST)";
				FRAMEWORK_SEARCH_PATHS = (
					"$(SDKROOT)/Developer/Library/Frameworks",
					"$(inherited)",
				);
				GCC_PREPROCESSOR_DEFINITIONS = (
					"DEBUG=1",
					"$(inherited)",
				);
				INFOPLIST_FILE = "demo-iosTests/Info.plist";
				LD_RUNPATH_SEARCH_PATHS = "$(inherited) @executable_path/Frameworks @loader_path/Frameworks";
				PRODUCT_NAME = "$(TARGET_NAME)";
				TEST_HOST = "$(BUILT_PRODUCTS_DIR)/demo-ios.app/demo-ios";
			};
			name = Debug;
		};
		7391790E1A3976F800C5C778 /* Release */ = {
			isa = XCBuildConfiguration;
			buildSettings = {
				BUNDLE_LOADER = "$(TEST_HOST)";
				FRAMEWORK_SEARCH_PATHS = (
					"$(SDKROOT)/Developer/Library/Frameworks",
					"$(inherited)",
				);
				INFOPLIST_FILE = "demo-iosTests/Info.plist";
				LD_RUNPATH_SEARCH_PATHS = "$(inherited) @executable_path/Frameworks @loader_path/Frameworks";
				PRODUCT_NAME = "$(TARGET_NAME)";
				TEST_HOST = "$(BUILT_PRODUCTS_DIR)/demo-ios.app/demo-ios";
			};
			name = Release;
		};
/* End XCBuildConfiguration section */

/* Begin XCConfigurationList section */
		739178E51A3976F700C5C778 /* Build configuration list for PBXProject "demo-ios" */ = {
			isa = XCConfigurationList;
			buildConfigurations = (
				739179071A3976F800C5C778 /* Debug */,
				739179081A3976F800C5C778 /* Release */,
			);
			defaultConfigurationIsVisible = 0;
			defaultConfigurationName = Release;
		};
		739179091A3976F800C5C778 /* Build configuration list for PBXNativeTarget "demo-ios" */ = {
			isa = XCConfigurationList;
			buildConfigurations = (
				7391790A1A3976F800C5C778 /* Debug */,
				7391790B1A3976F800C5C778 /* Release */,
			);
			defaultConfigurationIsVisible = 0;
			defaultConfigurationName = Release;
		};
		7391790C1A3976F800C5C778 /* Build configuration list for PBXNativeTarget "demo-iosTests" */ = {
			isa = XCConfigurationList;
			buildConfigurations = (
				7391790D1A3976F800C5C778 /* Debug */,
				7391790E1A3976F800C5C778 /* Release */,
			);
			defaultConfigurationIsVisible = 0;
			defaultConfigurationName = Release;
		};
/* End XCConfigurationList section */
	};
	rootObject = 739178E21A3976F700C5C778 /* Project object */;
}
